
Microsoft Visual Studio Solution File, Format Version 12.00
# Visual Studio Version 17
VisualStudioVersion = 17.3.32825.248
MinimumVisualStudioVersion = 10.0.40219.1
Project("{FAE04EC0-301F-11D3-BF4B-00C04F79EFBC}") = "Insert", "Insert\Insert.csproj", "{EBE8737B-051D-4213-9458-56BD1D03425F}"
EndProject
Project("{FAE04EC0-301F-11D3-BF4B-00C04F79EFBC}") = "Update", "Update\Update.csproj", "{32CAA60D-8F72-4559-89C0-057398A8A175}"
EndProject
Project("{FAE04EC0-301F-11D3-BF4B-00C04F79EFBC}") = "Delete", "Delete\Delete.csproj", "{642EE22E-546B-4312-83F7-894D02E857C4}"
EndProject
Project("{FAE04EC0-301F-11D3-BF4B-00C04F79EFBC}") = "Select", "Select\Select.csproj", "{C224DAD7-04AA-4291-8209-697F7BFC41E6}"
EndProject
Global
	GlobalSection(SolutionConfigurationPlatforms) = preSolution
		Debug|Any CPU = Debug|Any CPU
		Release|Any CPU = Release|Any CPU
	EndGlobalSection
	GlobalSection(ProjectConfigurationPlatforms) = postSolution
		{EBE8737B-051D-4213-9458-56BD1D03425F}.Debug|Any CPU.ActiveCfg = Debug|Any CPU
		{EBE8737B-051D-4213-9458-56BD1D03425F}.Debug|Any CPU.Build.0 = Debug|Any CPU
		{EBE8737B-051D-4213-9458-56BD1D03425F}.Release|Any CPU.ActiveCfg = Release|Any CPU
		{EBE8737B-051D-4213-9458-56BD1D03425F}.Release|Any CPU.Build.0 = Release|Any CPU
		{32CAA60D-8F72-4559-89C0-057398A8A175}.Debug|Any CPU.ActiveCfg = Debug|Any CPU
		{32CAA60D-8F72-4559-89C0-057398A8A175}.Debug|Any CPU.Build.0 = Debug|Any CPU
		{32CAA60D-8F72-4559-89C0-057398A8A175}.Release|Any CPU.ActiveCfg = Release|Any CPU
		{32CAA60D-8F72-4559-89C0-057398A8A175}.Release|Any CPU.Build.0 = Release|Any CPU
		{642EE22E-546B-4312-83F7-894D02E857C4}.Debug|Any CPU.ActiveCfg = Debug|Any CPU
		{642EE22E-546B-4312-83F7-894D02E857C4}.Debug|Any CPU.Build.0 = Debug|Any CPU
		{642EE22E-546B-4312-83F7-894D02E857C4}.Release|Any CPU.ActiveCfg = Release|Any CPU
		{642EE22E-546B-4312-83F7-894D02E857C4}.Release|Any CPU.Build.0 = Release|Any CPU
		{C224DAD7-04AA-4291-8209-697F7BFC41E6}.Debug|Any CPU.ActiveCfg = Debug|Any CPU
		{C224DAD7-04AA-4291-8209-697F7BFC41E6}.Debug|Any CPU.Build.0 = Debug|Any CPU
		{C224DAD7-04AA-4291-8209-697F7BFC41E6}.Release|Any CPU.ActiveCfg = Release|Any CPU
		{C224DAD7-04AA-4291-8209-697F7BFC41E6}.Release|Any CPU.Build.0 = Release|Any CPU
	EndGlobalSection
	GlobalSection(SolutionProperties) = preSolution
		HideSolutionNode = FALSE
	EndGlobalSection
	GlobalSection(ExtensibilityGlobals) = postSolution
		SolutionGuid = {EC786034-3F66-4E73-8114-506D0F03FBED}
	EndGlobalSection
EndGlobal
